
Microsoft Visual Studio Solution File, Format Version 12.00
# Visual Studio 15
VisualStudioVersion = 15.0.28307.572
MinimumVisualStudioVersion = 10.0.40219.1
Project("{F184B08F-C81C-45F6-A57F-5ABD9991F28F}") = "XMLtoUE4JsonDataTable-Dialogue", "XMLtoUE4JsonDataTable-Dialogue\XMLtoUE4JsonDataTable-Dialogue.vbproj", "{5F9689C0-F3ED-46C0-B49C-A12B616DA69B}"
EndProject
Global
	GlobalSection(SolutionConfigurationPlatforms) = preSolution
		Debug|Any CPU = Debug|Any CPU
		Release|Any CPU = Release|Any CPU
	EndGlobalSection
	GlobalSection(ProjectConfigurationPlatforms) = postSolution
		{5F9689C0-F3ED-46C0-B49C-A12B616DA69B}.Debug|Any CPU.ActiveCfg = Debug|Any CPU
		{5F9689C0-F3ED-46C0-B49C-A12B616DA69B}.Debug|Any CPU.Build.0 = Debug|Any CPU
		{5F9689C0-F3ED-46C0-B49C-A12B616DA69B}.Release|Any CPU.ActiveCfg = Release|Any CPU
		{5F9689C0-F3ED-46C0-B49C-A12B616DA69B}.Release|Any CPU.Build.0 = Release|Any CPU
	EndGlobalSection
	GlobalSection(SolutionProperties) = preSolution
		HideSolutionNode = FALSE
	EndGlobalSection
	GlobalSection(ExtensibilityGlobals) = postSolution
		SolutionGuid = {9532FE6B-0317-4EAB-930C-327A2D746AB0}
	EndGlobalSection
EndGlobal
